
Microsoft Visual Studio Solution File, Format Version 12.00
# Visual Studio 2015
Project("{FAE04EC0-301F-11D3-BF4B-00C04F79EFBC}") = "RolyPoly.CSharp", "RolyPoly.CSharp.csproj", "{3817B730-0EB4-F9D4-C7F8-66FC926A26C6}"
EndProject
Global
	GlobalSection(SolutionConfigurationPlatforms) = preSolution
		Debug|Any CPU = Debug|Any CPU
		Release|Any CPU = Release|Any CPU
	EndGlobalSection
	GlobalSection(ProjectConfigurationPlatforms) = postSolution
		{3817B730-0EB4-F9D4-C7F8-66FC926A26C6}.Debug|Any CPU.ActiveCfg = Debug|Any CPU
		{3817B730-0EB4-F9D4-C7F8-66FC926A26C6}.Debug|Any CPU.Build.0 = Debug|Any CPU
		{3817B730-0EB4-F9D4-C7F8-66FC926A26C6}.Release|Any CPU.ActiveCfg = Release|Any CPU
		{3817B730-0EB4-F9D4-C7F8-66FC926A26C6}.Release|Any CPU.Build.0 = Release|Any CPU
	EndGlobalSection
	GlobalSection(SolutionProperties) = preSolution
		HideSolutionNode = FALSE
	EndGlobalSection
EndGlobal
