
Microsoft Visual Studio Solution File, Format Version 12.00
# Visual Studio 2015
Project("{FAE04EC0-301F-11D3-BF4B-00C04F79EFBC}") = "RocketRush", "RocketRush.csproj", "{4334AC14-C113-D61E-58AB-EC5858E58299}"
EndProject
Global
	GlobalSection(SolutionConfigurationPlatforms) = preSolution
		Debug|Any CPU = Debug|Any CPU
		Release|Any CPU = Release|Any CPU
	EndGlobalSection
	GlobalSection(ProjectConfigurationPlatforms) = postSolution
		{4334AC14-C113-D61E-58AB-EC5858E58299}.Debug|Any CPU.ActiveCfg = Debug|Any CPU
		{4334AC14-C113-D61E-58AB-EC5858E58299}.Debug|Any CPU.Build.0 = Debug|Any CPU
		{4334AC14-C113-D61E-58AB-EC5858E58299}.Release|Any CPU.ActiveCfg = Release|Any CPU
		{4334AC14-C113-D61E-58AB-EC5858E58299}.Release|Any CPU.Build.0 = Release|Any CPU
	EndGlobalSection
	GlobalSection(SolutionProperties) = preSolution
		HideSolutionNode = FALSE
	EndGlobalSection
EndGlobal
